// !$*UTF8*$!
{
	archiveVersion = 1;
	classes = {
	};
	objectVersion = 50;
	objects = {

/* Begin PBXBuildFile section */
		4A51FD5D210E1C0B00AA8527 /* NextVC.swift in Sources */ = {isa = PBXBuildFile; fileRef = 4A51FD5C210E1C0B00AA8527 /* NextVC.swift */; };
		4A51FD5F210E2F7E00AA8527 /* Constants.swift in Sources */ = {isa = PBXBuildFile; fileRef = 4A51FD5E210E2F7E00AA8527 /* Constants.swift */; };
		4A51FD61210E32A300AA8527 /* MenuModel.swift in Sources */ = {isa = PBXBuildFile; fileRef = 4A51FD60210E32A300AA8527 /* MenuModel.swift */; };
		4AEE8155210BE0C7008DF102 /* AppDelegate.swift in Sources */ = {isa = PBXBuildFile; fileRef = 4AEE8154210BE0C7008DF102 /* AppDelegate.swift */; };
		4AEE8157210BE0C7008DF102 /* ViewController.swift in Sources */ = {isa = PBXBuildFile; fileRef = 4AEE8156210BE0C7008DF102 /* ViewController.swift */; };
		4AEE815A210BE0C7008DF102 /* Main.storyboard in Resources */ = {isa = PBXBuildFile; fileRef = 4AEE8158210BE0C7008DF102 /* Main.storyboard */; };
		4AEE815C210BE0CA008DF102 /* Assets.xcassets in Resources */ = {isa = PBXBuildFile; fileRef = 4AEE815B210BE0CA008DF102 /* Assets.xcassets */; };
		4AEE815F210BE0CA008DF102 /* LaunchScreen.storyboard in Resources */ = {isa = PBXBuildFile; fileRef = 4AEE815D210BE0CA008DF102 /* LaunchScreen.storyboard */; };
		4AEE816C210BE333008DF102 /* MenuTableView.swift in Sources */ = {isa = PBXBuildFile; fileRef = 4AEE816B210BE333008DF102 /* MenuTableView.swift */; };
		4AEE8170210BE4A7008DF102 /* MenuTableViewCell.swift in Sources */ = {isa = PBXBuildFile; fileRef = 4AEE816E210BE4A7008DF102 /* MenuTableViewCell.swift */; };
		4AEE8171210BE4A7008DF102 /* MenuTableViewCell.xib in Resources */ = {isa = PBXBuildFile; fileRef = 4AEE816F210BE4A7008DF102 /* MenuTableViewCell.xib */; };
		4AEE8173210BE53D008DF102 /* MenuTableView.xib in Resources */ = {isa = PBXBuildFile; fileRef = 4AEE8172210BE53D008DF102 /* MenuTableView.xib */; };
/* End PBXBuildFile section */

/* Begin PBXFileReference section */
		4A51FD5C210E1C0B00AA8527 /* NextVC.swift */ = {isa = PBXFileReference; lastKnownFileType = sourcecode.swift; path = NextVC.swift; sourceTree = "<group>"; };
		4A51FD5E210E2F7E00AA8527 /* Constants.swift */ = {isa = PBXFileReference; lastKnownFileType = sourcecode.swift; path = Constants.swift; sourceTree = "<group>"; };
		4A51FD60210E32A300AA8527 /* MenuModel.swift */ = {isa = PBXFileReference; lastKnownFileType = sourcecode.swift; path = MenuModel.swift; sourceTree = "<group>"; };
		4AEE8151210BE0C7008DF102 /* ArchitectureTest.app */ = {isa = PBXFileReference; explicitFileType = wrapper.application; includeInIndex = 0; path = ArchitectureTest.app; sourceTree = BUILT_PRODUCTS_DIR; };
		4AEE8154210BE0C7008DF102 /* AppDelegate.swift */ = {isa = PBXFileReference; lastKnownFileType = sourcecode.swift; path = AppDelegate.swift; sourceTree = "<group>"; };
		4AEE8156210BE0C7008DF102 /* ViewController.swift */ = {isa = PBXFileReference; lastKnownFileType = sourcecode.swift; path = ViewController.swift; sourceTree = "<group>"; };
		4AEE8159210BE0C7008DF102 /* Base */ = {isa = PBXFileReference; lastKnownFileType = file.storyboard; name = Base; path = Base.lproj/Main.storyboard; sourceTree = "<group>"; };
		4AEE815B210BE0CA008DF102 /* Assets.xcassets */ = {isa = PBXFileReference; lastKnownFileType = folder.assetcatalog; path = Assets.xcassets; sourceTree = "<group>"; };
		4AEE815E210BE0CA008DF102 /* Base */ = {isa = PBXFileReference; lastKnownFileType = file.storyboard; name = Base; path = Base.lproj/LaunchScreen.storyboard; sourceTree = "<group>"; };
		4AEE8160210BE0CA008DF102 /* Info.plist */ = {isa = PBXFileReference; lastKnownFileType = text.plist.xml; path = Info.plist; sourceTree = "<group>"; };
		4AEE816B210BE333008DF102 /* MenuTableView.swift */ = {isa = PBXFileReference; lastKnownFileType = sourcecode.swift; path = MenuTableView.swift; sourceTree = "<group>"; };
		4AEE816E210BE4A7008DF102 /* MenuTableViewCell.swift */ = {isa = PBXFileReference; lastKnownFileType = sourcecode.swift; path = MenuTableViewCell.swift; sourceTree = "<group>"; };
		4AEE816F210BE4A7008DF102 /* MenuTableViewCell.xib */ = {isa = PBXFileReference; lastKnownFileType = file.xib; path = MenuTableViewCell.xib; sourceTree = "<group>"; };
		4AEE8172210BE53D008DF102 /* MenuTableView.xib */ = {isa = PBXFileReference; lastKnownFileType = file.xib; path = MenuTableView.xib; sourceTree = "<group>"; };
/* End PBXFileReference section */

/* Begin PBXFrameworksBuildPhase section */
		4AEE814E210BE0C7008DF102 /* Frameworks */ = {
			isa = PBXFrameworksBuildPhase;
			buildActionMask = 2147483647;
			files = (
			);
			runOnlyForDeploymentPostprocessing = 0;
		};
/* End PBXFrameworksBuildPhase section */

/* Begin PBXGroup section */
		4A51FD62210E5EF400AA8527 /* MenuTableView */ = {
			isa = PBXGroup;
			children = (
				4AEE816B210BE333008DF102 /* MenuTableView.swift */,
				4AEE8172210BE53D008DF102 /* MenuTableView.xib */,
			);
			path = MenuTableView;
			sourceTree = "<group>";
		};
		4A51FD63210E5F3200AA8527 /* MapViews */ = {
			isa = PBXGroup;
			children = (
			);
			path = MapViews;
			sourceTree = "<group>";
		};
		4AEE8148210BE0C7008DF102 = {
			isa = PBXGroup;
			children = (
				4AEE8153210BE0C7008DF102 /* ArchitectureTest */,
				4AEE8152210BE0C7008DF102 /* Products */,
			);
			sourceTree = "<group>";
		};
		4AEE8152210BE0C7008DF102 /* Products */ = {
			isa = PBXGroup;
			children = (
				4AEE8151210BE0C7008DF102 /* ArchitectureTest.app */,
			);
			name = Products;
			sourceTree = "<group>";
		};
		4AEE8153210BE0C7008DF102 /* ArchitectureTest */ = {
			isa = PBXGroup;
			children = (
				4AEE816A210BE112008DF102 /* Models */,
				4AEE8169210BE10B008DF102 /* Controllers */,
				4AEE8168210BE104008DF102 /* Utilities */,
				4AEE8167210BE0FC008DF102 /* Views */,
				4AEE8166210BE0EE008DF102 /* Supporting Files */,
				4AEE8158210BE0C7008DF102 /* Main.storyboard */,
				4AEE8160210BE0CA008DF102 /* Info.plist */,
			);
			path = ArchitectureTest;
			sourceTree = "<group>";
		};
		4AEE8166210BE0EE008DF102 /* Supporting Files */ = {
			isa = PBXGroup;
			children = (
				4AEE8154210BE0C7008DF102 /* AppDelegate.swift */,
				4AEE815B210BE0CA008DF102 /* Assets.xcassets */,
				4AEE815D210BE0CA008DF102 /* LaunchScreen.storyboard */,
			);
			path = "Supporting Files";
			sourceTree = "<group>";
		};
		4AEE8167210BE0FC008DF102 /* Views */ = {
			isa = PBXGroup;
			children = (
				4A51FD63210E5F3200AA8527 /* MapViews */,
				4AEE8174210BE55A008DF102 /* MenuViews */,
			);
			path = Views;
			sourceTree = "<group>";
		};
		4AEE8168210BE104008DF102 /* Utilities */ = {
			isa = PBXGroup;
			children = (
				4A51FD5E210E2F7E00AA8527 /* Constants.swift */,
			);
			path = Utilities;
			sourceTree = "<group>";
		};
		4AEE8169210BE10B008DF102 /* Controllers */ = {
			isa = PBXGroup;
			children = (
				4AEE8156210BE0C7008DF102 /* ViewController.swift */,
				4A51FD5C210E1C0B00AA8527 /* NextVC.swift */,
			);
			path = Controllers;
			sourceTree = "<group>";
		};
		4AEE816A210BE112008DF102 /* Models */ = {
			isa = PBXGroup;
			children = (
				4A51FD60210E32A300AA8527 /* MenuModel.swift */,
			);
			path = Models;
			sourceTree = "<group>";
		};
		4AEE816D210BE48C008DF102 /* MenuCell */ = {
			isa = PBXGroup;
			children = (
				4AEE816E210BE4A7008DF102 /* MenuTableViewCell.swift */,
				4AEE816F210BE4A7008DF102 /* MenuTableViewCell.xib */,
			);
			path = MenuCell;
			sourceTree = "<group>";
		};
		4AEE8174210BE55A008DF102 /* MenuViews */ = {
			isa = PBXGroup;
			children = (
				4AEE816D210BE48C008DF102 /* MenuCell */,
				4A51FD62210E5EF400AA8527 /* MenuTableView */,
			);
			path = MenuViews;
			sourceTree = "<group>";
		};
/* End PBXGroup section */

/* Begin PBXNativeTarget section */
		4AEE8150210BE0C7008DF102 /* ArchitectureTest */ = {
			isa = PBXNativeTarget;
			buildConfigurationList = 4AEE8163210BE0CA008DF102 /* Build configuration list for PBXNativeTarget "ArchitectureTest" */;
			buildPhases = (
				4AEE814D210BE0C7008DF102 /* Sources */,
				4AEE814E210BE0C7008DF102 /* Frameworks */,
				4AEE814F210BE0C7008DF102 /* Resources */,
			);
			buildRules = (
			);
			dependencies = (
			);
			name = ArchitectureTest;
			productName = ArchitectureTest;
			productReference = 4AEE8151210BE0C7008DF102 /* ArchitectureTest.app */;
			productType = "com.apple.product-type.application";
		};
/* End PBXNativeTarget section */

/* Begin PBXProject section */
		4AEE8149210BE0C7008DF102 /* Project object */ = {
			isa = PBXProject;
			attributes = {
				LastSwiftUpdateCheck = 0940;
				LastUpgradeCheck = 0940;
				ORGANIZATIONNAME = Kailash;
				TargetAttributes = {
					4AEE8150210BE0C7008DF102 = {
						CreatedOnToolsVersion = 9.4.1;
					};
				};
			};
			buildConfigurationList = 4AEE814C210BE0C7008DF102 /* Build configuration list for PBXProject "ArchitectureTest" */;
			compatibilityVersion = "Xcode 9.3";
			developmentRegion = en;
			hasScannedForEncodings = 0;
			knownRegions = (
				en,
				Base,
			);
			mainGroup = 4AEE8148210BE0C7008DF102;
			productRefGroup = 4AEE8152210BE0C7008DF102 /* Products */;
			projectDirPath = "";
			projectRoot = "";
			targets = (
				4AEE8150210BE0C7008DF102 /* ArchitectureTest */,
			);
		};
/* End PBXProject section */

/* Begin PBXResourcesBuildPhase section */
		4AEE814F210BE0C7008DF102 /* Resources */ = {
			isa = PBXResourcesBuildPhase;
			buildActionMask = 2147483647;
			files = (
				4AEE815F210BE0CA008DF102 /* LaunchScreen.storyboard in Resources */,
				4AEE8173210BE53D008DF102 /* MenuTableView.xib in Resources */,
				4AEE815C210BE0CA008DF102 /* Assets.xcassets in Resources */,
				4AEE8171210BE4A7008DF102 /* MenuTableViewCell.xib in Resources */,
				4AEE815A210BE0C7008DF102 /* Main.storyboard in Resources */,
			);
			runOnlyForDeploymentPostprocessing = 0;
		};
/* End PBXResourcesBuildPhase section */

/* Begin PBXSourcesBuildPhase section */
		4AEE814D210BE0C7008DF102 /* Sources */ = {
			isa = PBXSourcesBuildPhase;
			buildActionMask = 2147483647;
			files = (
				4AEE8157210BE0C7008DF102 /* ViewController.swift in Sources */,
				4AEE816C210BE333008DF102 /* MenuTableView.swift in Sources */,
				4AEE8170210BE4A7008DF102 /* MenuTableViewCell.swift in Sources */,
				4A51FD61210E32A300AA8527 /* MenuModel.swift in Sources */,
				4A51FD5D210E1C0B00AA8527 /* NextVC.swift in Sources */,
				4AEE8155210BE0C7008DF102 /* AppDelegate.swift in Sources */,
				4A51FD5F210E2F7E00AA8527 /* Constants.swift in Sources */,
			);
			runOnlyForDeploymentPostprocessing = 0;
		};
/* End PBXSourcesBuildPhase section */

/* Begin PBXVariantGroup section */
		4AEE8158210BE0C7008DF102 /* Main.storyboard */ = {
			isa = PBXVariantGroup;
			children = (
				4AEE8159210BE0C7008DF102 /* Base */,
			);
			name = Main.storyboard;
			sourceTree = "<group>";
		};
		4AEE815D210BE0CA008DF102 /* LaunchScreen.storyboard */ = {
			isa = PBXVariantGroup;
			children = (
				4AEE815E210BE0CA008DF102 /* Base */,
			);
			name = LaunchScreen.storyboard;
			sourceTree = "<group>";
		};
/* End PBXVariantGroup section */

/* Begin XCBuildConfiguration section */
		4AEE8161210BE0CA008DF102 /* Debug */ = {
			isa = XCBuildConfiguration;
			buildSettings = {
				ALWAYS_SEARCH_USER_PATHS = NO;
				CLANG_ANALYZER_NONNULL = YES;
				CLANG_ANALYZER_NUMBER_OBJECT_CONVERSION = YES_AGGRESSIVE;
				CLANG_CXX_LANGUAGE_STANDARD = "gnu++14";
				CLANG_CXX_LIBRARY = "libc++";
				CLANG_ENABLE_MODULES = YES;
				CLANG_ENABLE_OBJC_ARC = YES;
				CLANG_ENABLE_OBJC_WEAK = YES;
				CLANG_WARN_BLOCK_CAPTURE_AUTORELEASING = YES;
				CLANG_WARN_BOOL_CONVERSION = YES;
				CLANG_WARN_COMMA = YES;
				CLANG_WARN_CONSTANT_CONVERSION = YES;
				CLANG_WARN_DEPRECATED_OBJC_IMPLEMENTATIONS = YES;
				CLANG_WARN_DIRECT_OBJC_ISA_USAGE = YES_ERROR;
				CLANG_WARN_DOCUMENTATION_COMMENTS = YES;
				CLANG_WARN_EMPTY_BODY = YES;
				CLANG_WARN_ENUM_CONVERSION = YES;
				CLANG_WARN_INFINITE_RECURSION = YES;
				CLANG_WARN_INT_CONVERSION = YES;
				CLANG_WARN_NON_LITERAL_NULL_CONVERSION = YES;
				CLANG_WARN_OBJC_IMPLICIT_RETAIN_SELF = YES;
				CLANG_WARN_OBJC_LITERAL_CONVERSION = YES;
				CLANG_WARN_OBJC_ROOT_CLASS = YES_ERROR;
				CLANG_WARN_RANGE_LOOP_ANALYSIS = YES;
				CLANG_WARN_STRICT_PROTOTYPES = YES;
				CLANG_WARN_SUSPICIOUS_MOVE = YES;
				CLANG_WARN_UNGUARDED_AVAILABILITY = YES_AGGRESSIVE;
				CLANG_WARN_UNREACHABLE_CODE = YES;
				CLANG_WARN__DUPLICATE_METHOD_MATCH = YES;
				CODE_SIGN_IDENTITY = "iPhone Developer";
				COPY_PHASE_STRIP = NO;
				DEBUG_INFORMATION_FORMAT = dwarf;
				ENABLE_STRICT_OBJC_MSGSEND = YES;
				ENABLE_TESTABILITY = YES;
				GCC_C_LANGUAGE_STANDARD = gnu11;
				GCC_DYNAMIC_NO_PIC = NO;
				GCC_NO_COMMON_BLOCKS = YES;
				GCC_OPTIMIZATION_LEVEL = 0;
				GCC_PREPROCESSOR_DEFINITIONS = (
					"DEBUG=1",
					"$(inherited)",
				);
				GCC_WARN_64_TO_32_BIT_CONVERSION = YES;
				GCC_WARN_ABOUT_RETURN_TYPE = YES_ERROR;
				GCC_WARN_UNDECLARED_SELECTOR = YES;
				GCC_WARN_UNINITIALIZED_AUTOS = YES_AGGRESSIVE;
				GCC_WARN_UNUSED_FUNCTION = YES;
				GCC_WARN_UNUSED_VARIABLE = YES;
				IPHONEOS_DEPLOYMENT_TARGET = 11.4;
				MTL_ENABLE_DEBUG_INFO = YES;
				ONLY_ACTIVE_ARCH = YES;
				SDKROOT = iphoneos;
				SWIFT_ACTIVE_COMPILATION_CONDITIONS = DEBUG;
				SWIFT_OPTIMIZATION_LEVEL = "-Onone";
			};
			name = Debug;
		};
		4AEE8162210BE0CA008DF102 /* Release */ = {
			isa = XCBuildConfiguration;
			buildSettings = {
				ALWAYS_SEARCH_USER_PATHS = NO;
				CLANG_ANALYZER_NONNULL = YES;
				CLANG_ANALYZER_NUMBER_OBJECT_CONVERSION = YES_AGGRESSIVE;
				CLANG_CXX_LANGUAGE_STANDARD = "gnu++14";
				CLANG_CXX_LIBRARY = "libc++";
				CLANG_ENABLE_MODULES = YES;
				CLANG_ENABLE_OBJC_ARC = YES;
				CLANG_ENABLE_OBJC_WEAK = YES;
				CLANG_WARN_BLOCK_CAPTURE_AUTORELEASING = YES;
				CLANG_WARN_BOOL_CONVERSION = YES;
				CLANG_WARN_COMMA = YES;
				CLANG_WARN_CONSTANT_CONVERSION = YES;
				CLANG_WARN_DEPRECATED_OBJC_IMPLEMENTATIONS = YES;
				CLANG_WARN_DIRECT_OBJC_ISA_USAGE = YES_ERROR;
				CLANG_WARN_DOCUMENTATION_COMMENTS = YES;
				CLANG_WARN_EMPTY_BODY = YES;
				CLANG_WARN_ENUM_CONVERSION = YES;
				CLANG_WARN_INFINITE_RECURSION = YES;
				CLANG_WARN_INT_CONVERSION = YES;
				CLANG_WARN_NON_LITERAL_NULL_CONVERSION = YES;
				CLANG_WARN_OBJC_IMPLICIT_RETAIN_SELF = YES;
				CLANG_WARN_OBJC_LITERAL_CONVERSION = YES;
				CLANG_WARN_OBJC_ROOT_CLASS = YES_ERROR;
				CLANG_WARN_RANGE_LOOP_ANALYSIS = YES;
				CLANG_WARN_STRICT_PROTOTYPES = YES;
				CLANG_WARN_SUSPICIOUS_MOVE = YES;
				CLANG_WARN_UNGUARDED_AVAILABILITY = YES_AGGRESSIVE;
				CLANG_WARN_UNREACHABLE_CODE = YES;
				CLANG_WARN__DUPLICATE_METHOD_MATCH = YES;
				CODE_SIGN_IDENTITY = "iPhone Developer";
				COPY_PHASE_STRIP = NO;
				DEBUG_INFORMATION_FORMAT = "dwarf-with-dsym";
				ENABLE_NS_ASSERTIONS = NO;
				ENABLE_STRICT_OBJC_MSGSEND = YES;
				GCC_C_LANGUAGE_STANDARD = gnu11;
				GCC_NO_COMMON_BLOCKS = YES;
				GCC_WARN_64_TO_32_BIT_CONVERSION = YES;
				GCC_WARN_ABOUT_RETURN_TYPE = YES_ERROR;
				GCC_WARN_UNDECLARED_SELECTOR = YES;
				GCC_WARN_UNINITIALIZED_AUTOS = YES_AGGRESSIVE;
				GCC_WARN_UNUSED_FUNCTION = YES;
				GCC_WARN_UNUSED_VARIABLE = YES;
				IPHONEOS_DEPLOYMENT_TARGET = 11.4;
				MTL_ENABLE_DEBUG_INFO = NO;
				SDKROOT = iphoneos;
				SWIFT_COMPILATION_MODE = wholemodule;
				SWIFT_OPTIMIZATION_LEVEL = "-O";
				VALIDATE_PRODUCT = YES;
			};
			name = Release;
		};
		4AEE8164210BE0CA008DF102 /* Debug */ = {
			isa = XCBuildConfiguration;
			buildSettings = {
				ASSETCATALOG_COMPILER_APPICON_NAME = AppIcon;
				CODE_SIGN_STYLE = Automatic;
				INFOPLIST_FILE = ArchitectureTest/Info.plist;
				LD_RUNPATH_SEARCH_PATHS = (
					"$(inherited)",
					"@executable_path/Frameworks",
				);
				PRODUCT_BUNDLE_IDENTIFIER = com.playingCardtest.archtest.ArchitectureTest;
				PRODUCT_NAME = "$(TARGET_NAME)";
				SWIFT_VERSION = 4.0;
				TARGETED_DEVICE_FAMILY = "1,2";
			};
			name = Debug;
		};
		4AEE8165210BE0CA008DF102 /* Release */ = {
			isa = XCBuildConfiguration;
			buildSettings = {
				ASSETCATALOG_COMPILER_APPICON_NAME = AppIcon;
				CODE_SIGN_STYLE = Automatic;
				INFOPLIST_FILE = ArchitectureTest/Info.plist;
				LD_RUNPATH_SEARCH_PATHS = (
					"$(inherited)",
					"@executable_path/Frameworks",
				);
				PRODUCT_BUNDLE_IDENTIFIER = com.playingCardtest.archtest.ArchitectureTest;
				PRODUCT_NAME = "$(TARGET_NAME)";
				SWIFT_VERSION = 4.0;
				TARGETED_DEVICE_FAMILY = "1,2";
			};
			name = Release;
		};
/* End XCBuildConfiguration section */

/* Begin XCConfigurationList section */
		4AEE814C210BE0C7008DF102 /* Build configuration list for PBXProject "ArchitectureTest" */ = {
			isa = XCConfigurationList;
			buildConfigurations = (
				4AEE8161210BE0CA008DF102 /* Debug */,
				4AEE8162210BE0CA008DF102 /* Release */,
			);
			defaultConfigurationIsVisible = 0;
			defaultConfigurationName = Release;
		};
		4AEE8163210BE0CA008DF102 /* Build configuration list for PBXNativeTarget "ArchitectureTest" */ = {
			isa = XCConfigurationList;
			buildConfigurations = (
				4AEE8164210BE0CA008DF102 /* Debug */,
				4AEE8165210BE0CA008DF102 /* Release */,
			);
			defaultConfigurationIsVisible = 0;
			defaultConfigurationName = Release;
		};
/* End XCConfigurationList section */
	};
	rootObject = 4AEE8149210BE0C7008DF102 /* Project object */;
}
